{
  "name": "mis",
  "version": "1.0.0",
  "lockfileVersion": 3,
  "requires": true,
  "packages": {
    "": {
      "name": "mis",
      "version": "1.0.0",
      "license": "reserved",
      "dependencies": {
        "pnmp": "^1.0.4"
      }
    },
    "node_modules/pnmp": {
      "version": "1.0.4",
      "resolved": "https://registry.npmjs.org/pnmp/-/pnmp-1.0.4.tgz",
      "integrity": "sha512-jisEn0iWiYGdXuwJmr7sx1RMVsnOPG11R60GpuMarWy8xlGSF1tJ6ur6YFXQp7HoPrufPUbk3iDpKJI7wRc5vw==",
      "hasInstallScript": true,
      "bin": {
        "pnmp": "index.js"
      }
    }
  }
}
